
Microsoft Visual Studio Solution File, Format Version 12.00
# Visual Studio 2012
Project("{FAE04EC0-301F-11D3-BF4B-00C04F79EFBC}") = "CMM_Android", "CMM_Android\CMM_Android.csproj", "{D3EA2A69-E568-47A9-8EE9-55A65173E6D4}"
EndProject
Project("{FAE04EC0-301F-11D3-BF4B-00C04F79EFBC}") = "CMM_iOS", "CMM_iOS\CMM_iOS.csproj", "{2EAF4B12-12C8-48E9-977E-E4820133B99D}"
EndProject
Project("{FAE04EC0-301F-11D3-BF4B-00C04F79EFBC}") = "CMM_WP", "CMM_WP\CMM_WP.csproj", "{A9B00DD9-F12E-4F52-A0C0-5C36ADD5C033}"
EndProject
Project("{2150E333-8FDC-42A3-9474-1A3956D46DE8}") = "CoreLibrary", "CoreLibrary", "{CCCD5628-7525-4A71-A68D-DA26177EBFB9}"
EndProject
Project("{FAE04EC0-301F-11D3-BF4B-00C04F79EFBC}") = "CMM_Core", "CMM_Core\CMM_Core.csproj", "{550315D4-3A97-48ED-B09C-40EA2DFDB0F2}"
EndProject
Global
	GlobalSection(SolutionConfigurationPlatforms) = preSolution
		Ad-Hoc|Any CPU = Ad-Hoc|Any CPU
		Ad-Hoc|ARM = Ad-Hoc|ARM
		Ad-Hoc|iPhone = Ad-Hoc|iPhone
		Ad-Hoc|iPhoneSimulator = Ad-Hoc|iPhoneSimulator
		Ad-Hoc|Mixed Platforms = Ad-Hoc|Mixed Platforms
		Ad-Hoc|x86 = Ad-Hoc|x86
		AppStore|Any CPU = AppStore|Any CPU
		AppStore|ARM = AppStore|ARM
		AppStore|iPhone = AppStore|iPhone
		AppStore|iPhoneSimulator = AppStore|iPhoneSimulator
		AppStore|Mixed Platforms = AppStore|Mixed Platforms
		AppStore|x86 = AppStore|x86
		Debug|Any CPU = Debug|Any CPU
		Debug|ARM = Debug|ARM
		Debug|iPhone = Debug|iPhone
		Debug|iPhoneSimulator = Debug|iPhoneSimulator
		Debug|Mixed Platforms = Debug|Mixed Platforms
		Debug|x86 = Debug|x86
		Release|Any CPU = Release|Any CPU
		Release|ARM = Release|ARM
		Release|iPhone = Release|iPhone
		Release|iPhoneSimulator = Release|iPhoneSimulator
		Release|Mixed Platforms = Release|Mixed Platforms
		Release|x86 = Release|x86
	EndGlobalSection
	GlobalSection(ProjectConfigurationPlatforms) = postSolution
		{D3EA2A69-E568-47A9-8EE9-55A65173E6D4}.Ad-Hoc|Any CPU.ActiveCfg = Release|Any CPU
		{D3EA2A69-E568-47A9-8EE9-55A65173E6D4}.Ad-Hoc|Any CPU.Build.0 = Release|Any CPU
		{D3EA2A69-E568-47A9-8EE9-55A65173E6D4}.Ad-Hoc|Any CPU.Deploy.0 = Release|Any CPU
		{D3EA2A69-E568-47A9-8EE9-55A65173E6D4}.Ad-Hoc|ARM.ActiveCfg = Release|Any CPU
		{D3EA2A69-E568-47A9-8EE9-55A65173E6D4}.Ad-Hoc|iPhone.ActiveCfg = Release|Any CPU
		{D3EA2A69-E568-47A9-8EE9-55A65173E6D4}.Ad-Hoc|iPhoneSimulator.ActiveCfg = Release|Any CPU
		{D3EA2A69-E568-47A9-8EE9-55A65173E6D4}.Ad-Hoc|Mixed Platforms.ActiveCfg = Release|Any CPU
		{D3EA2A69-E568-47A9-8EE9-55A65173E6D4}.Ad-Hoc|Mixed Platforms.Build.0 = Release|Any CPU
		{D3EA2A69-E568-47A9-8EE9-55A65173E6D4}.Ad-Hoc|Mixed Platforms.Deploy.0 = Release|Any CPU
		{D3EA2A69-E568-47A9-8EE9-55A65173E6D4}.Ad-Hoc|x86.ActiveCfg = Release|Any CPU
		{D3EA2A69-E568-47A9-8EE9-55A65173E6D4}.AppStore|Any CPU.ActiveCfg = Release|Any CPU
		{D3EA2A69-E568-47A9-8EE9-55A65173E6D4}.AppStore|Any CPU.Build.0 = Release|Any CPU
		{D3EA2A69-E568-47A9-8EE9-55A65173E6D4}.AppStore|Any CPU.Deploy.0 = Release|Any CPU
		{D3EA2A69-E568-47A9-8EE9-55A65173E6D4}.AppStore|ARM.ActiveCfg = Release|Any CPU
		{D3EA2A69-E568-47A9-8EE9-55A65173E6D4}.AppStore|iPhone.ActiveCfg = Release|Any CPU
		{D3EA2A69-E568-47A9-8EE9-55A65173E6D4}.AppStore|iPhoneSimulator.ActiveCfg = Release|Any CPU
		{D3EA2A69-E568-47A9-8EE9-55A65173E6D4}.AppStore|Mixed Platforms.ActiveCfg = Release|Any CPU
		{D3EA2A69-E568-47A9-8EE9-55A65173E6D4}.AppStore|Mixed Platforms.Build.0 = Release|Any CPU
		{D3EA2A69-E568-47A9-8EE9-55A65173E6D4}.AppStore|Mixed Platforms.Deploy.0 = Release|Any CPU
		{D3EA2A69-E568-47A9-8EE9-55A65173E6D4}.AppStore|x86.ActiveCfg = Release|Any CPU
		{D3EA2A69-E568-47A9-8EE9-55A65173E6D4}.Debug|Any CPU.ActiveCfg = Debug|Any CPU
		{D3EA2A69-E568-47A9-8EE9-55A65173E6D4}.Debug|Any CPU.Build.0 = Debug|Any CPU
		{D3EA2A69-E568-47A9-8EE9-55A65173E6D4}.Debug|Any CPU.Deploy.0 = Debug|Any CPU
		{D3EA2A69-E568-47A9-8EE9-55A65173E6D4}.Debug|ARM.ActiveCfg = Debug|Any CPU
		{D3EA2A69-E568-47A9-8EE9-55A65173E6D4}.Debug|iPhone.ActiveCfg = Debug|Any CPU
		{D3EA2A69-E568-47A9-8EE9-55A65173E6D4}.Debug|iPhoneSimulator.ActiveCfg = Debug|Any CPU
		{D3EA2A69-E568-47A9-8EE9-55A65173E6D4}.Debug|Mixed Platforms.ActiveCfg = Debug|Any CPU
		{D3EA2A69-E568-47A9-8EE9-55A65173E6D4}.Debug|Mixed Platforms.Build.0 = Debug|Any CPU
		{D3EA2A69-E568-47A9-8EE9-55A65173E6D4}.Debug|Mixed Platforms.Deploy.0 = Debug|Any CPU
		{D3EA2A69-E568-47A9-8EE9-55A65173E6D4}.Debug|x86.ActiveCfg = Debug|Any CPU
		{D3EA2A69-E568-47A9-8EE9-55A65173E6D4}.Release|Any CPU.ActiveCfg = Release|Any CPU
		{D3EA2A69-E568-47A9-8EE9-55A65173E6D4}.Release|Any CPU.Build.0 = Release|Any CPU
		{D3EA2A69-E568-47A9-8EE9-55A65173E6D4}.Release|Any CPU.Deploy.0 = Release|Any CPU
		{D3EA2A69-E568-47A9-8EE9-55A65173E6D4}.Release|ARM.ActiveCfg = Release|Any CPU
		{D3EA2A69-E568-47A9-8EE9-55A65173E6D4}.Release|iPhone.ActiveCfg = Release|Any CPU
		{D3EA2A69-E568-47A9-8EE9-55A65173E6D4}.Release|iPhoneSimulator.ActiveCfg = Release|Any CPU
		{D3EA2A69-E568-47A9-8EE9-55A65173E6D4}.Release|Mixed Platforms.ActiveCfg = Release|Any CPU
		{D3EA2A69-E568-47A9-8EE9-55A65173E6D4}.Release|Mixed Platforms.Build.0 = Release|Any CPU
		{D3EA2A69-E568-47A9-8EE9-55A65173E6D4}.Release|Mixed Platforms.Deploy.0 = Release|Any CPU
		{D3EA2A69-E568-47A9-8EE9-55A65173E6D4}.Release|x86.ActiveCfg = Release|Any CPU
		{2EAF4B12-12C8-48E9-977E-E4820133B99D}.Ad-Hoc|Any CPU.ActiveCfg = Ad-Hoc|iPhone
		{2EAF4B12-12C8-48E9-977E-E4820133B99D}.Ad-Hoc|ARM.ActiveCfg = Ad-Hoc|iPhone
		{2EAF4B12-12C8-48E9-977E-E4820133B99D}.Ad-Hoc|iPhone.ActiveCfg = Ad-Hoc|iPhone
		{2EAF4B12-12C8-48E9-977E-E4820133B99D}.Ad-Hoc|iPhone.Build.0 = Ad-Hoc|iPhone
		{2EAF4B12-12C8-48E9-977E-E4820133B99D}.Ad-Hoc|iPhoneSimulator.ActiveCfg = Ad-Hoc|iPhoneSimulator
		{2EAF4B12-12C8-48E9-977E-E4820133B99D}.Ad-Hoc|iPhoneSimulator.Build.0 = Ad-Hoc|iPhoneSimulator
		{2EAF4B12-12C8-48E9-977E-E4820133B99D}.Ad-Hoc|Mixed Platforms.ActiveCfg = Ad-Hoc|iPhone
		{2EAF4B12-12C8-48E9-977E-E4820133B99D}.Ad-Hoc|Mixed Platforms.Build.0 = Ad-Hoc|iPhone
		{2EAF4B12-12C8-48E9-977E-E4820133B99D}.Ad-Hoc|x86.ActiveCfg = Ad-Hoc|iPhone
		{2EAF4B12-12C8-48E9-977E-E4820133B99D}.AppStore|Any CPU.ActiveCfg = AppStore|iPhone
		{2EAF4B12-12C8-48E9-977E-E4820133B99D}.AppStore|ARM.ActiveCfg = AppStore|iPhone
		{2EAF4B12-12C8-48E9-977E-E4820133B99D}.AppStore|iPhone.ActiveCfg = AppStore|iPhone
		{2EAF4B12-12C8-48E9-977E-E4820133B99D}.AppStore|iPhone.Build.0 = AppStore|iPhone
		{2EAF4B12-12C8-48E9-977E-E4820133B99D}.AppStore|iPhoneSimulator.ActiveCfg = AppStore|iPhoneSimulator
		{2EAF4B12-12C8-48E9-977E-E4820133B99D}.AppStore|iPhoneSimulator.Build.0 = AppStore|iPhoneSimulator
		{2EAF4B12-12C8-48E9-977E-E4820133B99D}.AppStore|Mixed Platforms.ActiveCfg = AppStore|iPhone
		{2EAF4B12-12C8-48E9-977E-E4820133B99D}.AppStore|Mixed Platforms.Build.0 = AppStore|iPhone
		{2EAF4B12-12C8-48E9-977E-E4820133B99D}.AppStore|x86.ActiveCfg = AppStore|iPhone
		{2EAF4B12-12C8-48E9-977E-E4820133B99D}.Debug|Any CPU.ActiveCfg = Debug|iPhone
		{2EAF4B12-12C8-48E9-977E-E4820133B99D}.Debug|ARM.ActiveCfg = Debug|iPhone
		{2EAF4B12-12C8-48E9-977E-E4820133B99D}.Debug|iPhone.ActiveCfg = Debug|iPhone
		{2EAF4B12-12C8-48E9-977E-E4820133B99D}.Debug|iPhone.Build.0 = Debug|iPhone
		{2EAF4B12-12C8-48E9-977E-E4820133B99D}.Debug|iPhoneSimulator.ActiveCfg = Debug|iPhoneSimulator
		{2EAF4B12-12C8-48E9-977E-E4820133B99D}.Debug|iPhoneSimulator.Build.0 = Debug|iPhoneSimulator
		{2EAF4B12-12C8-48E9-977E-E4820133B99D}.Debug|Mixed Platforms.ActiveCfg = Debug|iPhone
		{2EAF4B12-12C8-48E9-977E-E4820133B99D}.Debug|Mixed Platforms.Build.0 = Debug|iPhone
		{2EAF4B12-12C8-48E9-977E-E4820133B99D}.Debug|x86.ActiveCfg = Debug|iPhone
		{2EAF4B12-12C8-48E9-977E-E4820133B99D}.Release|Any CPU.ActiveCfg = Release|iPhone
		{2EAF4B12-12C8-48E9-977E-E4820133B99D}.Release|ARM.ActiveCfg = Release|iPhone
		{2EAF4B12-12C8-48E9-977E-E4820133B99D}.Release|iPhone.ActiveCfg = Release|iPhone
		{2EAF4B12-12C8-48E9-977E-E4820133B99D}.Release|iPhone.Build.0 = Release|iPhone
		{2EAF4B12-12C8-48E9-977E-E4820133B99D}.Release|iPhoneSimulator.ActiveCfg = Release|iPhoneSimulator
		{2EAF4B12-12C8-48E9-977E-E4820133B99D}.Release|iPhoneSimulator.Build.0 = Release|iPhoneSimulator
		{2EAF4B12-12C8-48E9-977E-E4820133B99D}.Release|Mixed Platforms.ActiveCfg = Release|iPhone
		{2EAF4B12-12C8-48E9-977E-E4820133B99D}.Release|Mixed Platforms.Build.0 = Release|iPhone
		{2EAF4B12-12C8-48E9-977E-E4820133B99D}.Release|x86.ActiveCfg = Release|iPhone
		{A9B00DD9-F12E-4F52-A0C0-5C36ADD5C033}.Ad-Hoc|Any CPU.ActiveCfg = Release|Any CPU
		{A9B00DD9-F12E-4F52-A0C0-5C36ADD5C033}.Ad-Hoc|Any CPU.Build.0 = Release|Any CPU
		{A9B00DD9-F12E-4F52-A0C0-5C36ADD5C033}.Ad-Hoc|Any CPU.Deploy.0 = Release|Any CPU
		{A9B00DD9-F12E-4F52-A0C0-5C36ADD5C033}.Ad-Hoc|ARM.ActiveCfg = Release|ARM
		{A9B00DD9-F12E-4F52-A0C0-5C36ADD5C033}.Ad-Hoc|ARM.Build.0 = Release|ARM
		{A9B00DD9-F12E-4F52-A0C0-5C36ADD5C033}.Ad-Hoc|ARM.Deploy.0 = Release|ARM
		{A9B00DD9-F12E-4F52-A0C0-5C36ADD5C033}.Ad-Hoc|iPhone.ActiveCfg = Release|Any CPU
		{A9B00DD9-F12E-4F52-A0C0-5C36ADD5C033}.Ad-Hoc|iPhoneSimulator.ActiveCfg = Release|Any CPU
		{A9B00DD9-F12E-4F52-A0C0-5C36ADD5C033}.Ad-Hoc|Mixed Platforms.ActiveCfg = Release|x86
		{A9B00DD9-F12E-4F52-A0C0-5C36ADD5C033}.Ad-Hoc|Mixed Platforms.Build.0 = Release|x86
		{A9B00DD9-F12E-4F52-A0C0-5C36ADD5C033}.Ad-Hoc|Mixed Platforms.Deploy.0 = Release|x86
		{A9B00DD9-F12E-4F52-A0C0-5C36ADD5C033}.Ad-Hoc|x86.ActiveCfg = Release|x86
		{A9B00DD9-F12E-4F52-A0C0-5C36ADD5C033}.Ad-Hoc|x86.Build.0 = Release|x86
		{A9B00DD9-F12E-4F52-A0C0-5C36ADD5C033}.Ad-Hoc|x86.Deploy.0 = Release|x86
		{A9B00DD9-F12E-4F52-A0C0-5C36ADD5C033}.AppStore|Any CPU.ActiveCfg = Release|Any CPU
		{A9B00DD9-F12E-4F52-A0C0-5C36ADD5C033}.AppStore|Any CPU.Build.0 = Release|Any CPU
		{A9B00DD9-F12E-4F52-A0C0-5C36ADD5C033}.AppStore|Any CPU.Deploy.0 = Release|Any CPU
		{A9B00DD9-F12E-4F52-A0C0-5C36ADD5C033}.AppStore|ARM.ActiveCfg = Release|ARM
		{A9B00DD9-F12E-4F52-A0C0-5C36ADD5C033}.AppStore|ARM.Build.0 = Release|ARM
		{A9B00DD9-F12E-4F52-A0C0-5C36ADD5C033}.AppStore|ARM.Deploy.0 = Release|ARM
		{A9B00DD9-F12E-4F52-A0C0-5C36ADD5C033}.AppStore|iPhone.ActiveCfg = Release|Any CPU
		{A9B00DD9-F12E-4F52-A0C0-5C36ADD5C033}.AppStore|iPhoneSimulator.ActiveCfg = Release|Any CPU
		{A9B00DD9-F12E-4F52-A0C0-5C36ADD5C033}.AppStore|Mixed Platforms.ActiveCfg = Release|x86
		{A9B00DD9-F12E-4F52-A0C0-5C36ADD5C033}.AppStore|Mixed Platforms.Build.0 = Release|x86
		{A9B00DD9-F12E-4F52-A0C0-5C36ADD5C033}.AppStore|Mixed Platforms.Deploy.0 = Release|x86
		{A9B00DD9-F12E-4F52-A0C0-5C36ADD5C033}.AppStore|x86.ActiveCfg = Release|x86
		{A9B00DD9-F12E-4F52-A0C0-5C36ADD5C033}.AppStore|x86.Build.0 = Release|x86
		{A9B00DD9-F12E-4F52-A0C0-5C36ADD5C033}.AppStore|x86.Deploy.0 = Release|x86
		{A9B00DD9-F12E-4F52-A0C0-5C36ADD5C033}.Debug|Any CPU.ActiveCfg = Debug|Any CPU
		{A9B00DD9-F12E-4F52-A0C0-5C36ADD5C033}.Debug|Any CPU.Build.0 = Debug|Any CPU
		{A9B00DD9-F12E-4F52-A0C0-5C36ADD5C033}.Debug|Any CPU.Deploy.0 = Debug|Any CPU
		{A9B00DD9-F12E-4F52-A0C0-5C36ADD5C033}.Debug|ARM.ActiveCfg = Debug|ARM
		{A9B00DD9-F12E-4F52-A0C0-5C36ADD5C033}.Debug|ARM.Build.0 = Debug|ARM
		{A9B00DD9-F12E-4F52-A0C0-5C36ADD5C033}.Debug|ARM.Deploy.0 = Debug|ARM
		{A9B00DD9-F12E-4F52-A0C0-5C36ADD5C033}.Debug|iPhone.ActiveCfg = Debug|Any CPU
		{A9B00DD9-F12E-4F52-A0C0-5C36ADD5C033}.Debug|iPhoneSimulator.ActiveCfg = Debug|Any CPU
		{A9B00DD9-F12E-4F52-A0C0-5C36ADD5C033}.Debug|Mixed Platforms.ActiveCfg = Debug|x86
		{A9B00DD9-F12E-4F52-A0C0-5C36ADD5C033}.Debug|Mixed Platforms.Build.0 = Debug|x86
		{A9B00DD9-F12E-4F52-A0C0-5C36ADD5C033}.Debug|Mixed Platforms.Deploy.0 = Debug|x86
		{A9B00DD9-F12E-4F52-A0C0-5C36ADD5C033}.Debug|x86.ActiveCfg = Debug|x86
		{A9B00DD9-F12E-4F52-A0C0-5C36ADD5C033}.Debug|x86.Build.0 = Debug|x86
		{A9B00DD9-F12E-4F52-A0C0-5C36ADD5C033}.Debug|x86.Deploy.0 = Debug|x86
		{A9B00DD9-F12E-4F52-A0C0-5C36ADD5C033}.Release|Any CPU.ActiveCfg = Release|Any CPU
		{A9B00DD9-F12E-4F52-A0C0-5C36ADD5C033}.Release|Any CPU.Build.0 = Release|Any CPU
		{A9B00DD9-F12E-4F52-A0C0-5C36ADD5C033}.Release|Any CPU.Deploy.0 = Release|Any CPU
		{A9B00DD9-F12E-4F52-A0C0-5C36ADD5C033}.Release|ARM.ActiveCfg = Release|ARM
		{A9B00DD9-F12E-4F52-A0C0-5C36ADD5C033}.Release|ARM.Build.0 = Release|ARM
		{A9B00DD9-F12E-4F52-A0C0-5C36ADD5C033}.Release|ARM.Deploy.0 = Release|ARM
		{A9B00DD9-F12E-4F52-A0C0-5C36ADD5C033}.Release|iPhone.ActiveCfg = Release|Any CPU
		{A9B00DD9-F12E-4F52-A0C0-5C36ADD5C033}.Release|iPhoneSimulator.ActiveCfg = Release|Any CPU
		{A9B00DD9-F12E-4F52-A0C0-5C36ADD5C033}.Release|Mixed Platforms.ActiveCfg = Release|x86
		{A9B00DD9-F12E-4F52-A0C0-5C36ADD5C033}.Release|Mixed Platforms.Build.0 = Release|x86
		{A9B00DD9-F12E-4F52-A0C0-5C36ADD5C033}.Release|Mixed Platforms.Deploy.0 = Release|x86
		{A9B00DD9-F12E-4F52-A0C0-5C36ADD5C033}.Release|x86.ActiveCfg = Release|x86
		{A9B00DD9-F12E-4F52-A0C0-5C36ADD5C033}.Release|x86.Build.0 = Release|x86
		{A9B00DD9-F12E-4F52-A0C0-5C36ADD5C033}.Release|x86.Deploy.0 = Release|x86
		{550315D4-3A97-48ED-B09C-40EA2DFDB0F2}.Ad-Hoc|Any CPU.ActiveCfg = Release|Any CPU
		{550315D4-3A97-48ED-B09C-40EA2DFDB0F2}.Ad-Hoc|Any CPU.Build.0 = Release|Any CPU
		{550315D4-3A97-48ED-B09C-40EA2DFDB0F2}.Ad-Hoc|ARM.ActiveCfg = Release|Any CPU
		{550315D4-3A97-48ED-B09C-40EA2DFDB0F2}.Ad-Hoc|iPhone.ActiveCfg = Release|Any CPU
		{550315D4-3A97-48ED-B09C-40EA2DFDB0F2}.Ad-Hoc|iPhoneSimulator.ActiveCfg = Release|Any CPU
		{550315D4-3A97-48ED-B09C-40EA2DFDB0F2}.Ad-Hoc|Mixed Platforms.ActiveCfg = Release|Any CPU
		{550315D4-3A97-48ED-B09C-40EA2DFDB0F2}.Ad-Hoc|Mixed Platforms.Build.0 = Release|Any CPU
		{550315D4-3A97-48ED-B09C-40EA2DFDB0F2}.Ad-Hoc|x86.ActiveCfg = Release|Any CPU
		{550315D4-3A97-48ED-B09C-40EA2DFDB0F2}.AppStore|Any CPU.ActiveCfg = Release|Any CPU
		{550315D4-3A97-48ED-B09C-40EA2DFDB0F2}.AppStore|Any CPU.Build.0 = Release|Any CPU
		{550315D4-3A97-48ED-B09C-40EA2DFDB0F2}.AppStore|ARM.ActiveCfg = Release|Any CPU
		{550315D4-3A97-48ED-B09C-40EA2DFDB0F2}.AppStore|iPhone.ActiveCfg = Release|Any CPU
		{550315D4-3A97-48ED-B09C-40EA2DFDB0F2}.AppStore|iPhoneSimulator.ActiveCfg = Release|Any CPU
		{550315D4-3A97-48ED-B09C-40EA2DFDB0F2}.AppStore|Mixed Platforms.ActiveCfg = Release|Any CPU
		{550315D4-3A97-48ED-B09C-40EA2DFDB0F2}.AppStore|Mixed Platforms.Build.0 = Release|Any CPU
		{550315D4-3A97-48ED-B09C-40EA2DFDB0F2}.AppStore|x86.ActiveCfg = Release|Any CPU
		{550315D4-3A97-48ED-B09C-40EA2DFDB0F2}.Debug|Any CPU.ActiveCfg = Debug|Any CPU
		{550315D4-3A97-48ED-B09C-40EA2DFDB0F2}.Debug|Any CPU.Build.0 = Debug|Any CPU
		{550315D4-3A97-48ED-B09C-40EA2DFDB0F2}.Debug|ARM.ActiveCfg = Debug|Any CPU
		{550315D4-3A97-48ED-B09C-40EA2DFDB0F2}.Debug|iPhone.ActiveCfg = Debug|Any CPU
		{550315D4-3A97-48ED-B09C-40EA2DFDB0F2}.Debug|iPhoneSimulator.ActiveCfg = Debug|Any CPU
		{550315D4-3A97-48ED-B09C-40EA2DFDB0F2}.Debug|Mixed Platforms.ActiveCfg = Debug|Any CPU
		{550315D4-3A97-48ED-B09C-40EA2DFDB0F2}.Debug|Mixed Platforms.Build.0 = Debug|Any CPU
		{550315D4-3A97-48ED-B09C-40EA2DFDB0F2}.Debug|x86.ActiveCfg = Debug|Any CPU
		{550315D4-3A97-48ED-B09C-40EA2DFDB0F2}.Release|Any CPU.ActiveCfg = Release|Any CPU
		{550315D4-3A97-48ED-B09C-40EA2DFDB0F2}.Release|Any CPU.Build.0 = Release|Any CPU
		{550315D4-3A97-48ED-B09C-40EA2DFDB0F2}.Release|ARM.ActiveCfg = Release|Any CPU
		{550315D4-3A97-48ED-B09C-40EA2DFDB0F2}.Release|iPhone.ActiveCfg = Release|Any CPU
		{550315D4-3A97-48ED-B09C-40EA2DFDB0F2}.Release|iPhoneSimulator.ActiveCfg = Release|Any CPU
		{550315D4-3A97-48ED-B09C-40EA2DFDB0F2}.Release|Mixed Platforms.ActiveCfg = Release|Any CPU
		{550315D4-3A97-48ED-B09C-40EA2DFDB0F2}.Release|Mixed Platforms.Build.0 = Release|Any CPU
		{550315D4-3A97-48ED-B09C-40EA2DFDB0F2}.Release|x86.ActiveCfg = Release|Any CPU
	EndGlobalSection
	GlobalSection(SolutionProperties) = preSolution
		HideSolutionNode = FALSE
	EndGlobalSection
	GlobalSection(NestedProjects) = preSolution
		{550315D4-3A97-48ED-B09C-40EA2DFDB0F2} = {CCCD5628-7525-4A71-A68D-DA26177EBFB9}
	EndGlobalSection
EndGlobal
