
Microsoft Visual Studio Solution File, Format Version 12.00
# Visual Studio 2013
VisualStudioVersion = 12.0.30723.0
MinimumVisualStudioVersion = 10.0.40219.1
Project("{FAE04EC0-301F-11D3-BF4B-00C04F79EFBC}") = "Forms_App", "Forms_App\Forms_App\Forms_App.csproj", "{F5502E7D-9B77-4DD4-8D0C-4EFAD0D13E96}"
EndProject
Project("{FAE04EC0-301F-11D3-BF4B-00C04F79EFBC}") = "Forms_App.iOS", "Forms_App\Forms_App.iOS\Forms_App.iOS.csproj", "{77BB4E9C-24A1-4B89-AD8E-C384B28726BF}"
EndProject
Project("{FAE04EC0-301F-11D3-BF4B-00C04F79EFBC}") = "Forms_App.Android", "Forms_App\Forms_App.Android\Forms_App.Android.csproj", "{E79123DA-2C8D-4FA2-BD19-F13839C41705}"
EndProject
Project("{FAE04EC0-301F-11D3-BF4B-00C04F79EFBC}") = "Forms_App.WinPhone", "Forms_App\Forms_App.WinPhone\Forms_App.WinPhone.csproj", "{BB9BB6AE-1CED-4F1E-B572-3AAEEF554251}"
EndProject
Global
	GlobalSection(SolutionConfigurationPlatforms) = preSolution
		Ad-Hoc|Any CPU = Ad-Hoc|Any CPU
		Ad-Hoc|ARM = Ad-Hoc|ARM
		Ad-Hoc|iPhone = Ad-Hoc|iPhone
		Ad-Hoc|iPhoneSimulator = Ad-Hoc|iPhoneSimulator
		Ad-Hoc|Mixed Platforms = Ad-Hoc|Mixed Platforms
		Ad-Hoc|x86 = Ad-Hoc|x86
		AppStore|Any CPU = AppStore|Any CPU
		AppStore|ARM = AppStore|ARM
		AppStore|iPhone = AppStore|iPhone
		AppStore|iPhoneSimulator = AppStore|iPhoneSimulator
		AppStore|Mixed Platforms = AppStore|Mixed Platforms
		AppStore|x86 = AppStore|x86
		Debug|Any CPU = Debug|Any CPU
		Debug|ARM = Debug|ARM
		Debug|iPhone = Debug|iPhone
		Debug|iPhoneSimulator = Debug|iPhoneSimulator
		Debug|Mixed Platforms = Debug|Mixed Platforms
		Debug|x86 = Debug|x86
		Release|Any CPU = Release|Any CPU
		Release|ARM = Release|ARM
		Release|iPhone = Release|iPhone
		Release|iPhoneSimulator = Release|iPhoneSimulator
		Release|Mixed Platforms = Release|Mixed Platforms
		Release|x86 = Release|x86
	EndGlobalSection
	GlobalSection(ProjectConfigurationPlatforms) = postSolution
		{F5502E7D-9B77-4DD4-8D0C-4EFAD0D13E96}.Ad-Hoc|Any CPU.ActiveCfg = Release|Any CPU
		{F5502E7D-9B77-4DD4-8D0C-4EFAD0D13E96}.Ad-Hoc|Any CPU.Build.0 = Release|Any CPU
		{F5502E7D-9B77-4DD4-8D0C-4EFAD0D13E96}.Ad-Hoc|ARM.ActiveCfg = Release|Any CPU
		{F5502E7D-9B77-4DD4-8D0C-4EFAD0D13E96}.Ad-Hoc|iPhone.ActiveCfg = Release|Any CPU
		{F5502E7D-9B77-4DD4-8D0C-4EFAD0D13E96}.Ad-Hoc|iPhoneSimulator.ActiveCfg = Release|Any CPU
		{F5502E7D-9B77-4DD4-8D0C-4EFAD0D13E96}.Ad-Hoc|Mixed Platforms.ActiveCfg = Release|Any CPU
		{F5502E7D-9B77-4DD4-8D0C-4EFAD0D13E96}.Ad-Hoc|Mixed Platforms.Build.0 = Release|Any CPU
		{F5502E7D-9B77-4DD4-8D0C-4EFAD0D13E96}.Ad-Hoc|x86.ActiveCfg = Release|Any CPU
		{F5502E7D-9B77-4DD4-8D0C-4EFAD0D13E96}.AppStore|Any CPU.ActiveCfg = Release|Any CPU
		{F5502E7D-9B77-4DD4-8D0C-4EFAD0D13E96}.AppStore|Any CPU.Build.0 = Release|Any CPU
		{F5502E7D-9B77-4DD4-8D0C-4EFAD0D13E96}.AppStore|ARM.ActiveCfg = Release|Any CPU
		{F5502E7D-9B77-4DD4-8D0C-4EFAD0D13E96}.AppStore|iPhone.ActiveCfg = Release|Any CPU
		{F5502E7D-9B77-4DD4-8D0C-4EFAD0D13E96}.AppStore|iPhoneSimulator.ActiveCfg = Release|Any CPU
		{F5502E7D-9B77-4DD4-8D0C-4EFAD0D13E96}.AppStore|Mixed Platforms.ActiveCfg = Release|Any CPU
		{F5502E7D-9B77-4DD4-8D0C-4EFAD0D13E96}.AppStore|Mixed Platforms.Build.0 = Release|Any CPU
		{F5502E7D-9B77-4DD4-8D0C-4EFAD0D13E96}.AppStore|x86.ActiveCfg = Release|Any CPU
		{F5502E7D-9B77-4DD4-8D0C-4EFAD0D13E96}.Debug|Any CPU.ActiveCfg = Debug|Any CPU
		{F5502E7D-9B77-4DD4-8D0C-4EFAD0D13E96}.Debug|Any CPU.Build.0 = Debug|Any CPU
		{F5502E7D-9B77-4DD4-8D0C-4EFAD0D13E96}.Debug|ARM.ActiveCfg = Debug|Any CPU
		{F5502E7D-9B77-4DD4-8D0C-4EFAD0D13E96}.Debug|iPhone.ActiveCfg = Debug|Any CPU
		{F5502E7D-9B77-4DD4-8D0C-4EFAD0D13E96}.Debug|iPhoneSimulator.ActiveCfg = Debug|Any CPU
		{F5502E7D-9B77-4DD4-8D0C-4EFAD0D13E96}.Debug|Mixed Platforms.ActiveCfg = Debug|Any CPU
		{F5502E7D-9B77-4DD4-8D0C-4EFAD0D13E96}.Debug|Mixed Platforms.Build.0 = Debug|Any CPU
		{F5502E7D-9B77-4DD4-8D0C-4EFAD0D13E96}.Debug|x86.ActiveCfg = Debug|Any CPU
		{F5502E7D-9B77-4DD4-8D0C-4EFAD0D13E96}.Release|Any CPU.ActiveCfg = Release|Any CPU
		{F5502E7D-9B77-4DD4-8D0C-4EFAD0D13E96}.Release|Any CPU.Build.0 = Release|Any CPU
		{F5502E7D-9B77-4DD4-8D0C-4EFAD0D13E96}.Release|ARM.ActiveCfg = Release|Any CPU
		{F5502E7D-9B77-4DD4-8D0C-4EFAD0D13E96}.Release|iPhone.ActiveCfg = Release|Any CPU
		{F5502E7D-9B77-4DD4-8D0C-4EFAD0D13E96}.Release|iPhoneSimulator.ActiveCfg = Release|Any CPU
		{F5502E7D-9B77-4DD4-8D0C-4EFAD0D13E96}.Release|Mixed Platforms.ActiveCfg = Release|Any CPU
		{F5502E7D-9B77-4DD4-8D0C-4EFAD0D13E96}.Release|Mixed Platforms.Build.0 = Release|Any CPU
		{F5502E7D-9B77-4DD4-8D0C-4EFAD0D13E96}.Release|x86.ActiveCfg = Release|Any CPU
		{77BB4E9C-24A1-4B89-AD8E-C384B28726BF}.Ad-Hoc|Any CPU.ActiveCfg = Ad-Hoc|iPhone
		{77BB4E9C-24A1-4B89-AD8E-C384B28726BF}.Ad-Hoc|ARM.ActiveCfg = Ad-Hoc|iPhone
		{77BB4E9C-24A1-4B89-AD8E-C384B28726BF}.Ad-Hoc|iPhone.ActiveCfg = Ad-Hoc|iPhone
		{77BB4E9C-24A1-4B89-AD8E-C384B28726BF}.Ad-Hoc|iPhone.Build.0 = Ad-Hoc|iPhone
		{77BB4E9C-24A1-4B89-AD8E-C384B28726BF}.Ad-Hoc|iPhoneSimulator.ActiveCfg = Ad-Hoc|iPhoneSimulator
		{77BB4E9C-24A1-4B89-AD8E-C384B28726BF}.Ad-Hoc|iPhoneSimulator.Build.0 = Ad-Hoc|iPhoneSimulator
		{77BB4E9C-24A1-4B89-AD8E-C384B28726BF}.Ad-Hoc|Mixed Platforms.ActiveCfg = Ad-Hoc|iPhone
		{77BB4E9C-24A1-4B89-AD8E-C384B28726BF}.Ad-Hoc|Mixed Platforms.Build.0 = Ad-Hoc|iPhone
		{77BB4E9C-24A1-4B89-AD8E-C384B28726BF}.Ad-Hoc|x86.ActiveCfg = Ad-Hoc|iPhone
		{77BB4E9C-24A1-4B89-AD8E-C384B28726BF}.AppStore|Any CPU.ActiveCfg = AppStore|iPhone
		{77BB4E9C-24A1-4B89-AD8E-C384B28726BF}.AppStore|ARM.ActiveCfg = AppStore|iPhone
		{77BB4E9C-24A1-4B89-AD8E-C384B28726BF}.AppStore|iPhone.ActiveCfg = AppStore|iPhone
		{77BB4E9C-24A1-4B89-AD8E-C384B28726BF}.AppStore|iPhone.Build.0 = AppStore|iPhone
		{77BB4E9C-24A1-4B89-AD8E-C384B28726BF}.AppStore|iPhoneSimulator.ActiveCfg = AppStore|iPhoneSimulator
		{77BB4E9C-24A1-4B89-AD8E-C384B28726BF}.AppStore|iPhoneSimulator.Build.0 = AppStore|iPhoneSimulator
		{77BB4E9C-24A1-4B89-AD8E-C384B28726BF}.AppStore|Mixed Platforms.ActiveCfg = AppStore|iPhone
		{77BB4E9C-24A1-4B89-AD8E-C384B28726BF}.AppStore|Mixed Platforms.Build.0 = AppStore|iPhone
		{77BB4E9C-24A1-4B89-AD8E-C384B28726BF}.AppStore|x86.ActiveCfg = AppStore|iPhone
		{77BB4E9C-24A1-4B89-AD8E-C384B28726BF}.Debug|Any CPU.ActiveCfg = Debug|iPhone
		{77BB4E9C-24A1-4B89-AD8E-C384B28726BF}.Debug|ARM.ActiveCfg = Debug|iPhone
		{77BB4E9C-24A1-4B89-AD8E-C384B28726BF}.Debug|iPhone.ActiveCfg = Debug|iPhone
		{77BB4E9C-24A1-4B89-AD8E-C384B28726BF}.Debug|iPhone.Build.0 = Debug|iPhone
		{77BB4E9C-24A1-4B89-AD8E-C384B28726BF}.Debug|iPhoneSimulator.ActiveCfg = Debug|iPhoneSimulator
		{77BB4E9C-24A1-4B89-AD8E-C384B28726BF}.Debug|iPhoneSimulator.Build.0 = Debug|iPhoneSimulator
		{77BB4E9C-24A1-4B89-AD8E-C384B28726BF}.Debug|Mixed Platforms.ActiveCfg = Debug|iPhoneSimulator
		{77BB4E9C-24A1-4B89-AD8E-C384B28726BF}.Debug|Mixed Platforms.Build.0 = Debug|iPhoneSimulator
		{77BB4E9C-24A1-4B89-AD8E-C384B28726BF}.Debug|x86.ActiveCfg = Debug|iPhone
		{77BB4E9C-24A1-4B89-AD8E-C384B28726BF}.Release|Any CPU.ActiveCfg = Release|iPhone
		{77BB4E9C-24A1-4B89-AD8E-C384B28726BF}.Release|ARM.ActiveCfg = Release|iPhone
		{77BB4E9C-24A1-4B89-AD8E-C384B28726BF}.Release|iPhone.ActiveCfg = Release|iPhone
		{77BB4E9C-24A1-4B89-AD8E-C384B28726BF}.Release|iPhone.Build.0 = Release|iPhone
		{77BB4E9C-24A1-4B89-AD8E-C384B28726BF}.Release|iPhoneSimulator.ActiveCfg = Release|iPhoneSimulator
		{77BB4E9C-24A1-4B89-AD8E-C384B28726BF}.Release|iPhoneSimulator.Build.0 = Release|iPhoneSimulator
		{77BB4E9C-24A1-4B89-AD8E-C384B28726BF}.Release|Mixed Platforms.ActiveCfg = Release|iPhone
		{77BB4E9C-24A1-4B89-AD8E-C384B28726BF}.Release|Mixed Platforms.Build.0 = Release|iPhone
		{77BB4E9C-24A1-4B89-AD8E-C384B28726BF}.Release|x86.ActiveCfg = Release|iPhone
		{E79123DA-2C8D-4FA2-BD19-F13839C41705}.Ad-Hoc|Any CPU.ActiveCfg = Release|Any CPU
		{E79123DA-2C8D-4FA2-BD19-F13839C41705}.Ad-Hoc|Any CPU.Build.0 = Release|Any CPU
		{E79123DA-2C8D-4FA2-BD19-F13839C41705}.Ad-Hoc|Any CPU.Deploy.0 = Release|Any CPU
		{E79123DA-2C8D-4FA2-BD19-F13839C41705}.Ad-Hoc|ARM.ActiveCfg = Release|Any CPU
		{E79123DA-2C8D-4FA2-BD19-F13839C41705}.Ad-Hoc|iPhone.ActiveCfg = Release|Any CPU
		{E79123DA-2C8D-4FA2-BD19-F13839C41705}.Ad-Hoc|iPhoneSimulator.ActiveCfg = Release|Any CPU
		{E79123DA-2C8D-4FA2-BD19-F13839C41705}.Ad-Hoc|Mixed Platforms.ActiveCfg = Release|Any CPU
		{E79123DA-2C8D-4FA2-BD19-F13839C41705}.Ad-Hoc|Mixed Platforms.Build.0 = Release|Any CPU
		{E79123DA-2C8D-4FA2-BD19-F13839C41705}.Ad-Hoc|Mixed Platforms.Deploy.0 = Release|Any CPU
		{E79123DA-2C8D-4FA2-BD19-F13839C41705}.Ad-Hoc|x86.ActiveCfg = Release|Any CPU
		{E79123DA-2C8D-4FA2-BD19-F13839C41705}.AppStore|Any CPU.ActiveCfg = Release|Any CPU
		{E79123DA-2C8D-4FA2-BD19-F13839C41705}.AppStore|Any CPU.Build.0 = Release|Any CPU
		{E79123DA-2C8D-4FA2-BD19-F13839C41705}.AppStore|Any CPU.Deploy.0 = Release|Any CPU
		{E79123DA-2C8D-4FA2-BD19-F13839C41705}.AppStore|ARM.ActiveCfg = Release|Any CPU
		{E79123DA-2C8D-4FA2-BD19-F13839C41705}.AppStore|iPhone.ActiveCfg = Release|Any CPU
		{E79123DA-2C8D-4FA2-BD19-F13839C41705}.AppStore|iPhoneSimulator.ActiveCfg = Release|Any CPU
		{E79123DA-2C8D-4FA2-BD19-F13839C41705}.AppStore|Mixed Platforms.ActiveCfg = Release|Any CPU
		{E79123DA-2C8D-4FA2-BD19-F13839C41705}.AppStore|Mixed Platforms.Build.0 = Release|Any CPU
		{E79123DA-2C8D-4FA2-BD19-F13839C41705}.AppStore|Mixed Platforms.Deploy.0 = Release|Any CPU
		{E79123DA-2C8D-4FA2-BD19-F13839C41705}.AppStore|x86.ActiveCfg = Release|Any CPU
		{E79123DA-2C8D-4FA2-BD19-F13839C41705}.Debug|Any CPU.ActiveCfg = Debug|Any CPU
		{E79123DA-2C8D-4FA2-BD19-F13839C41705}.Debug|Any CPU.Build.0 = Debug|Any CPU
		{E79123DA-2C8D-4FA2-BD19-F13839C41705}.Debug|Any CPU.Deploy.0 = Debug|Any CPU
		{E79123DA-2C8D-4FA2-BD19-F13839C41705}.Debug|ARM.ActiveCfg = Debug|Any CPU
		{E79123DA-2C8D-4FA2-BD19-F13839C41705}.Debug|iPhone.ActiveCfg = Debug|Any CPU
		{E79123DA-2C8D-4FA2-BD19-F13839C41705}.Debug|iPhoneSimulator.ActiveCfg = Debug|Any CPU
		{E79123DA-2C8D-4FA2-BD19-F13839C41705}.Debug|Mixed Platforms.ActiveCfg = Debug|Any CPU
		{E79123DA-2C8D-4FA2-BD19-F13839C41705}.Debug|Mixed Platforms.Build.0 = Debug|Any CPU
		{E79123DA-2C8D-4FA2-BD19-F13839C41705}.Debug|Mixed Platforms.Deploy.0 = Debug|Any CPU
		{E79123DA-2C8D-4FA2-BD19-F13839C41705}.Debug|x86.ActiveCfg = Debug|Any CPU
		{E79123DA-2C8D-4FA2-BD19-F13839C41705}.Release|Any CPU.ActiveCfg = Release|Any CPU
		{E79123DA-2C8D-4FA2-BD19-F13839C41705}.Release|Any CPU.Build.0 = Release|Any CPU
		{E79123DA-2C8D-4FA2-BD19-F13839C41705}.Release|Any CPU.Deploy.0 = Release|Any CPU
		{E79123DA-2C8D-4FA2-BD19-F13839C41705}.Release|ARM.ActiveCfg = Release|Any CPU
		{E79123DA-2C8D-4FA2-BD19-F13839C41705}.Release|iPhone.ActiveCfg = Release|Any CPU
		{E79123DA-2C8D-4FA2-BD19-F13839C41705}.Release|iPhoneSimulator.ActiveCfg = Release|Any CPU
		{E79123DA-2C8D-4FA2-BD19-F13839C41705}.Release|Mixed Platforms.ActiveCfg = Release|Any CPU
		{E79123DA-2C8D-4FA2-BD19-F13839C41705}.Release|Mixed Platforms.Build.0 = Release|Any CPU
		{E79123DA-2C8D-4FA2-BD19-F13839C41705}.Release|Mixed Platforms.Deploy.0 = Release|Any CPU
		{E79123DA-2C8D-4FA2-BD19-F13839C41705}.Release|x86.ActiveCfg = Release|Any CPU
		{BB9BB6AE-1CED-4F1E-B572-3AAEEF554251}.Ad-Hoc|Any CPU.ActiveCfg = Release|Any CPU
		{BB9BB6AE-1CED-4F1E-B572-3AAEEF554251}.Ad-Hoc|Any CPU.Build.0 = Release|Any CPU
		{BB9BB6AE-1CED-4F1E-B572-3AAEEF554251}.Ad-Hoc|Any CPU.Deploy.0 = Release|Any CPU
		{BB9BB6AE-1CED-4F1E-B572-3AAEEF554251}.Ad-Hoc|ARM.ActiveCfg = Release|ARM
		{BB9BB6AE-1CED-4F1E-B572-3AAEEF554251}.Ad-Hoc|ARM.Build.0 = Release|ARM
		{BB9BB6AE-1CED-4F1E-B572-3AAEEF554251}.Ad-Hoc|ARM.Deploy.0 = Release|ARM
		{BB9BB6AE-1CED-4F1E-B572-3AAEEF554251}.Ad-Hoc|iPhone.ActiveCfg = Release|Any CPU
		{BB9BB6AE-1CED-4F1E-B572-3AAEEF554251}.Ad-Hoc|iPhoneSimulator.ActiveCfg = Release|Any CPU
		{BB9BB6AE-1CED-4F1E-B572-3AAEEF554251}.Ad-Hoc|Mixed Platforms.ActiveCfg = Release|x86
		{BB9BB6AE-1CED-4F1E-B572-3AAEEF554251}.Ad-Hoc|Mixed Platforms.Build.0 = Release|x86
		{BB9BB6AE-1CED-4F1E-B572-3AAEEF554251}.Ad-Hoc|Mixed Platforms.Deploy.0 = Release|x86
		{BB9BB6AE-1CED-4F1E-B572-3AAEEF554251}.Ad-Hoc|x86.ActiveCfg = Release|x86
		{BB9BB6AE-1CED-4F1E-B572-3AAEEF554251}.Ad-Hoc|x86.Build.0 = Release|x86
		{BB9BB6AE-1CED-4F1E-B572-3AAEEF554251}.Ad-Hoc|x86.Deploy.0 = Release|x86
		{BB9BB6AE-1CED-4F1E-B572-3AAEEF554251}.AppStore|Any CPU.ActiveCfg = Release|Any CPU
		{BB9BB6AE-1CED-4F1E-B572-3AAEEF554251}.AppStore|Any CPU.Build.0 = Release|Any CPU
		{BB9BB6AE-1CED-4F1E-B572-3AAEEF554251}.AppStore|Any CPU.Deploy.0 = Release|Any CPU
		{BB9BB6AE-1CED-4F1E-B572-3AAEEF554251}.AppStore|ARM.ActiveCfg = Release|ARM
		{BB9BB6AE-1CED-4F1E-B572-3AAEEF554251}.AppStore|ARM.Build.0 = Release|ARM
		{BB9BB6AE-1CED-4F1E-B572-3AAEEF554251}.AppStore|ARM.Deploy.0 = Release|ARM
		{BB9BB6AE-1CED-4F1E-B572-3AAEEF554251}.AppStore|iPhone.ActiveCfg = Release|Any CPU
		{BB9BB6AE-1CED-4F1E-B572-3AAEEF554251}.AppStore|iPhoneSimulator.ActiveCfg = Release|Any CPU
		{BB9BB6AE-1CED-4F1E-B572-3AAEEF554251}.AppStore|Mixed Platforms.ActiveCfg = Release|x86
		{BB9BB6AE-1CED-4F1E-B572-3AAEEF554251}.AppStore|Mixed Platforms.Build.0 = Release|x86
		{BB9BB6AE-1CED-4F1E-B572-3AAEEF554251}.AppStore|Mixed Platforms.Deploy.0 = Release|x86
		{BB9BB6AE-1CED-4F1E-B572-3AAEEF554251}.AppStore|x86.ActiveCfg = Release|x86
		{BB9BB6AE-1CED-4F1E-B572-3AAEEF554251}.AppStore|x86.Build.0 = Release|x86
		{BB9BB6AE-1CED-4F1E-B572-3AAEEF554251}.AppStore|x86.Deploy.0 = Release|x86
		{BB9BB6AE-1CED-4F1E-B572-3AAEEF554251}.Debug|Any CPU.ActiveCfg = Debug|Any CPU
		{BB9BB6AE-1CED-4F1E-B572-3AAEEF554251}.Debug|Any CPU.Build.0 = Debug|Any CPU
		{BB9BB6AE-1CED-4F1E-B572-3AAEEF554251}.Debug|Any CPU.Deploy.0 = Debug|Any CPU
		{BB9BB6AE-1CED-4F1E-B572-3AAEEF554251}.Debug|ARM.ActiveCfg = Debug|ARM
		{BB9BB6AE-1CED-4F1E-B572-3AAEEF554251}.Debug|ARM.Build.0 = Debug|ARM
		{BB9BB6AE-1CED-4F1E-B572-3AAEEF554251}.Debug|ARM.Deploy.0 = Debug|ARM
		{BB9BB6AE-1CED-4F1E-B572-3AAEEF554251}.Debug|iPhone.ActiveCfg = Debug|Any CPU
		{BB9BB6AE-1CED-4F1E-B572-3AAEEF554251}.Debug|iPhoneSimulator.ActiveCfg = Debug|Any CPU
		{BB9BB6AE-1CED-4F1E-B572-3AAEEF554251}.Debug|Mixed Platforms.ActiveCfg = Debug|x86
		{BB9BB6AE-1CED-4F1E-B572-3AAEEF554251}.Debug|Mixed Platforms.Build.0 = Debug|x86
		{BB9BB6AE-1CED-4F1E-B572-3AAEEF554251}.Debug|Mixed Platforms.Deploy.0 = Debug|x86
		{BB9BB6AE-1CED-4F1E-B572-3AAEEF554251}.Debug|x86.ActiveCfg = Debug|x86
		{BB9BB6AE-1CED-4F1E-B572-3AAEEF554251}.Debug|x86.Build.0 = Debug|x86
		{BB9BB6AE-1CED-4F1E-B572-3AAEEF554251}.Debug|x86.Deploy.0 = Debug|x86
		{BB9BB6AE-1CED-4F1E-B572-3AAEEF554251}.Release|Any CPU.ActiveCfg = Release|Any CPU
		{BB9BB6AE-1CED-4F1E-B572-3AAEEF554251}.Release|Any CPU.Build.0 = Release|Any CPU
		{BB9BB6AE-1CED-4F1E-B572-3AAEEF554251}.Release|Any CPU.Deploy.0 = Release|Any CPU
		{BB9BB6AE-1CED-4F1E-B572-3AAEEF554251}.Release|ARM.ActiveCfg = Release|ARM
		{BB9BB6AE-1CED-4F1E-B572-3AAEEF554251}.Release|ARM.Build.0 = Release|ARM
		{BB9BB6AE-1CED-4F1E-B572-3AAEEF554251}.Release|ARM.Deploy.0 = Release|ARM
		{BB9BB6AE-1CED-4F1E-B572-3AAEEF554251}.Release|iPhone.ActiveCfg = Release|Any CPU
		{BB9BB6AE-1CED-4F1E-B572-3AAEEF554251}.Release|iPhoneSimulator.ActiveCfg = Release|Any CPU
		{BB9BB6AE-1CED-4F1E-B572-3AAEEF554251}.Release|Mixed Platforms.ActiveCfg = Release|x86
		{BB9BB6AE-1CED-4F1E-B572-3AAEEF554251}.Release|Mixed Platforms.Build.0 = Release|x86
		{BB9BB6AE-1CED-4F1E-B572-3AAEEF554251}.Release|Mixed Platforms.Deploy.0 = Release|x86
		{BB9BB6AE-1CED-4F1E-B572-3AAEEF554251}.Release|x86.ActiveCfg = Release|x86
		{BB9BB6AE-1CED-4F1E-B572-3AAEEF554251}.Release|x86.Build.0 = Release|x86
		{BB9BB6AE-1CED-4F1E-B572-3AAEEF554251}.Release|x86.Deploy.0 = Release|x86
	EndGlobalSection
	GlobalSection(SolutionProperties) = preSolution
		HideSolutionNode = FALSE
	EndGlobalSection
EndGlobal
